// !$*UTF8*$!
{
	archiveVersion = 1;
	classes = {
	};
	objectVersion = 46;
	objects = {

/* Begin PBXBuildFile section */
		55B434431D25C96700C1BCB7 /* main.m in Sources */ = {isa = PBXBuildFile; fileRef = 55B434421D25C96700C1BCB7 /* main.m */; };
		55B434461D25C96700C1BCB7 /* AppDelegate.m in Sources */ = {isa = PBXBuildFile; fileRef = 55B434451D25C96700C1BCB7 /* AppDelegate.m */; };
		55B434491D25C96700C1BCB7 /* ViewController.m in Sources */ = {isa = PBXBuildFile; fileRef = 55B434481D25C96700C1BCB7 /* ViewController.m */; };
		55B4344C1D25C96700C1BCB7 /* Main.storyboard in Resources */ = {isa = PBXBuildFile; fileRef = 55B4344A1D25C96700C1BCB7 /* Main.storyboard */; };
		55B4344E1D25C96700C1BCB7 /* Assets.xcassets in Resources */ = {isa = PBXBuildFile; fileRef = 55B4344D1D25C96700C1BCB7 /* Assets.xcassets */; };
		55B434591D25C96700C1BCB7 /* IndieFlixTestsTests.m in Sources */ = {isa = PBXBuildFile; fileRef = 55B434581D25C96700C1BCB7 /* IndieFlixTestsTests.m */; };
		55B434641D25C96700C1BCB7 /* IndieFlixTestsUITests.m in Sources */ = {isa = PBXBuildFile; fileRef = 55B434631D25C96700C1BCB7 /* IndieFlixTestsUITests.m */; };
/* End PBXBuildFile section */

/* Begin PBXContainerItemProxy section */
		55B434551D25C96700C1BCB7 /* PBXContainerItemProxy */ = {
			isa = PBXContainerItemProxy;
			containerPortal = 55B434361D25C96700C1BCB7 /* Project object */;
			proxyType = 1;
			remoteGlobalIDString = 55B4343D1D25C96700C1BCB7;
			remoteInfo = IndieFlixTests;
		};
		55B434601D25C96700C1BCB7 /* PBXContainerItemProxy */ = {
			isa = PBXContainerItemProxy;
			containerPortal = 55B434361D25C96700C1BCB7 /* Project object */;
			proxyType = 1;
			remoteGlobalIDString = 55B4343D1D25C96700C1BCB7;
			remoteInfo = IndieFlixTests;
		};
/* End PBXContainerItemProxy section */

/* Begin PBXFileReference section */
		55B4343E1D25C96700C1BCB7 /* IndieFlixTests.app */ = {isa = PBXFileReference; explicitFileType = wrapper.application; includeInIndex = 0; path = IndieFlixTests.app; sourceTree = BUILT_PRODUCTS_DIR; };
		55B434421D25C96700C1BCB7 /* main.m */ = {isa = PBXFileReference; lastKnownFileType = sourcecode.c.objc; path = main.m; sourceTree = "<group>"; };
		55B434441D25C96700C1BCB7 /* AppDelegate.h */ = {isa = PBXFileReference; lastKnownFileType = sourcecode.c.h; path = AppDelegate.h; sourceTree = "<group>"; };
		55B434451D25C96700C1BCB7 /* AppDelegate.m */ = {isa = PBXFileReference; lastKnownFileType = sourcecode.c.objc; path = AppDelegate.m; sourceTree = "<group>"; };
		55B434471D25C96700C1BCB7 /* ViewController.h */ = {isa = PBXFileReference; lastKnownFileType = sourcecode.c.h; path = ViewController.h; sourceTree = "<group>"; };
		55B434481D25C96700C1BCB7 /* ViewController.m */ = {isa = PBXFileReference; lastKnownFileType = sourcecode.c.objc; path = ViewController.m; sourceTree = "<group>"; };
		55B4344B1D25C96700C1BCB7 /* Base */ = {isa = PBXFileReference; lastKnownFileType = file.storyboard; name = Base; path = Base.lproj/Main.storyboard; sourceTree = "<group>"; };
		55B4344D1D25C96700C1BCB7 /* Assets.xcassets */ = {isa = PBXFileReference; lastKnownFileType = folder.assetcatalog; path = Assets.xcassets; sourceTree = "<group>"; };
		55B4344F1D25C96700C1BCB7 /* Info.plist */ = {isa = PBXFileReference; lastKnownFileType = text.plist.xml; path = Info.plist; sourceTree = "<group>"; };
		55B434541D25C96700C1BCB7 /* IndieFlixTestsTests.xctest */ = {isa = PBXFileReference; explicitFileType = wrapper.cfbundle; includeInIndex = 0; path = IndieFlixTestsTests.xctest; sourceTree = BUILT_PRODUCTS_DIR; };
		55B434581D25C96700C1BCB7 /* IndieFlixTestsTests.m */ = {isa = PBXFileReference; lastKnownFileType = sourcecode.c.objc; path = IndieFlixTestsTests.m; sourceTree = "<group>"; };
		55B4345A1D25C96700C1BCB7 /* Info.plist */ = {isa = PBXFileReference; lastKnownFileType = text.plist.xml; path = Info.plist; sourceTree = "<group>"; };
		55B4345F1D25C96700C1BCB7 /* IndieFlixTestsUITests.xctest */ = {isa = PBXFileReference; explicitFileType = wrapper.cfbundle; includeInIndex = 0; path = IndieFlixTestsUITests.xctest; sourceTree = BUILT_PRODUCTS_DIR; };
		55B434631D25C96700C1BCB7 /* IndieFlixTestsUITests.m */ = {isa = PBXFileReference; lastKnownFileType = sourcecode.c.objc; path = IndieFlixTestsUITests.m; sourceTree = "<group>"; };
		55B434651D25C96700C1BCB7 /* Info.plist */ = {isa = PBXFileReference; lastKnownFileType = text.plist.xml; path = Info.plist; sourceTree = "<group>"; };
/* End PBXFileReference section */

/* Begin PBXFrameworksBuildPhase section */
		55B4343B1D25C96700C1BCB7 /* Frameworks */ = {
			isa = PBXFrameworksBuildPhase;
			buildActionMask = 2147483647;
			files = (
			);
			runOnlyForDeploymentPostprocessing = 0;
		};
		55B434511D25C96700C1BCB7 /* Frameworks */ = {
			isa = PBXFrameworksBuildPhase;
			buildActionMask = 2147483647;
			files = (
			);
			runOnlyForDeploymentPostprocessing = 0;
		};
		55B4345C1D25C96700C1BCB7 /* Frameworks */ = {
			isa = PBXFrameworksBuildPhase;
			buildActionMask = 2147483647;
			files = (
			);
			runOnlyForDeploymentPostprocessing = 0;
		};
/* End PBXFrameworksBuildPhase section */

/* Begin PBXGroup section */
		55B434351D25C96700C1BCB7 = {
			isa = PBXGroup;
			children = (
				55B434401D25C96700C1BCB7 /* IndieFlixTests */,
				55B434571D25C96700C1BCB7 /* IndieFlixTestsTests */,
				55B434621D25C96700C1BCB7 /* IndieFlixTestsUITests */,
				55B4343F1D25C96700C1BCB7 /* Products */,
			);
			sourceTree = "<group>";
		};
		55B4343F1D25C96700C1BCB7 /* Products */ = {
			isa = PBXGroup;
			children = (
				55B4343E1D25C96700C1BCB7 /* IndieFlixTests.app */,
				55B434541D25C96700C1BCB7 /* IndieFlixTestsTests.xctest */,
				55B4345F1D25C96700C1BCB7 /* IndieFlixTestsUITests.xctest */,
			);
			name = Products;
			sourceTree = "<group>";
		};
		55B434401D25C96700C1BCB7 /* IndieFlixTests */ = {
			isa = PBXGroup;
			children = (
				55B434441D25C96700C1BCB7 /* AppDelegate.h */,
				55B434451D25C96700C1BCB7 /* AppDelegate.m */,
				55B434471D25C96700C1BCB7 /* ViewController.h */,
				55B434481D25C96700C1BCB7 /* ViewController.m */,
				55B4344A1D25C96700C1BCB7 /* Main.storyboard */,
				55B4344D1D25C96700C1BCB7 /* Assets.xcassets */,
				55B4344F1D25C96700C1BCB7 /* Info.plist */,
				55B434411D25C96700C1BCB7 /* Supporting Files */,
			);
			path = IndieFlixTests;
			sourceTree = "<group>";
		};
		55B434411D25C96700C1BCB7 /* Supporting Files */ = {
			isa = PBXGroup;
			children = (
				55B434421D25C96700C1BCB7 /* main.m */,
			);
			name = "Supporting Files";
			sourceTree = "<group>";
		};
		55B434571D25C96700C1BCB7 /* IndieFlixTestsTests */ = {
			isa = PBXGroup;
			children = (
				55B434581D25C96700C1BCB7 /* IndieFlixTestsTests.m */,
				55B4345A1D25C96700C1BCB7 /* Info.plist */,
			);
			path = IndieFlixTestsTests;
			sourceTree = "<group>";
		};
		55B434621D25C96700C1BCB7 /* IndieFlixTestsUITests */ = {
			isa = PBXGroup;
			children = (
				55B434631D25C96700C1BCB7 /* IndieFlixTestsUITests.m */,
				55B434651D25C96700C1BCB7 /* Info.plist */,
			);
			path = IndieFlixTestsUITests;
			sourceTree = "<group>";
		};
/* End PBXGroup section */

/* Begin PBXNativeTarget section */
		55B4343D1D25C96700C1BCB7 /* IndieFlixTests */ = {
			isa = PBXNativeTarget;
			buildConfigurationList = 55B434681D25C96700C1BCB7 /* Build configuration list for PBXNativeTarget "IndieFlixTests" */;
			buildPhases = (
				55B4343A1D25C96700C1BCB7 /* Sources */,
				55B4343B1D25C96700C1BCB7 /* Frameworks */,
				55B4343C1D25C96700C1BCB7 /* Resources */,
			);
			buildRules = (
			);
			dependencies = (
			);
			name = IndieFlixTests;
			productName = IndieFlixTests;
			productReference = 55B4343E1D25C96700C1BCB7 /* IndieFlixTests.app */;
			productType = "com.apple.product-type.application";
		};
		55B434531D25C96700C1BCB7 /* IndieFlixTestsTests */ = {
			isa = PBXNativeTarget;
			buildConfigurationList = 55B4346B1D25C96700C1BCB7 /* Build configuration list for PBXNativeTarget "IndieFlixTestsTests" */;
			buildPhases = (
				55B434501D25C96700C1BCB7 /* Sources */,
				55B434511D25C96700C1BCB7 /* Frameworks */,
				55B434521D25C96700C1BCB7 /* Resources */,
			);
			buildRules = (
			);
			dependencies = (
				55B434561D25C96700C1BCB7 /* PBXTargetDependency */,
			);
			name = IndieFlixTestsTests;
			productName = IndieFlixTestsTests;
			productReference = 55B434541D25C96700C1BCB7 /* IndieFlixTestsTests.xctest */;
			productType = "com.apple.product-type.bundle.unit-test";
		};
		55B4345E1D25C96700C1BCB7 /* IndieFlixTestsUITests */ = {
			isa = PBXNativeTarget;
			buildConfigurationList = 55B4346E1D25C96700C1BCB7 /* Build configuration list for PBXNativeTarget "IndieFlixTestsUITests" */;
			buildPhases = (
				55B4345B1D25C96700C1BCB7 /* Sources */,
				55B4345C1D25C96700C1BCB7 /* Frameworks */,
				55B4345D1D25C96700C1BCB7 /* Resources */,
			);
			buildRules = (
			);
			dependencies = (
				55B434611D25C96700C1BCB7 /* PBXTargetDependency */,
			);
			name = IndieFlixTestsUITests;
			productName = IndieFlixTestsUITests;
			productReference = 55B4345F1D25C96700C1BCB7 /* IndieFlixTestsUITests.xctest */;
			productType = "com.apple.product-type.bundle.ui-testing";
		};
/* End PBXNativeTarget section */

/* Begin PBXProject section */
		55B434361D25C96700C1BCB7 /* Project object */ = {
			isa = PBXProject;
			attributes = {
				LastUpgradeCheck = 0720;
				ORGANIZATIONNAME = "Benjamin Hoover";
				TargetAttributes = {
					55B4343D1D25C96700C1BCB7 = {
						CreatedOnToolsVersion = 7.2.1;
					};
					55B434531D25C96700C1BCB7 = {
						CreatedOnToolsVersion = 7.2.1;
						TestTargetID = 55B4343D1D25C96700C1BCB7;
					};
					55B4345E1D25C96700C1BCB7 = {
						CreatedOnToolsVersion = 7.2.1;
						TestTargetID = 55B4343D1D25C96700C1BCB7;
					};
				};
			};
			buildConfigurationList = 55B434391D25C96700C1BCB7 /* Build configuration list for PBXProject "IndieFlixTests" */;
			compatibilityVersion = "Xcode 3.2";
			developmentRegion = English;
			hasScannedForEncodings = 0;
			knownRegions = (
				en,
				Base,
			);
			mainGroup = 55B434351D25C96700C1BCB7;
			productRefGroup = 55B4343F1D25C96700C1BCB7 /* Products */;
			projectDirPath = "";
			projectRoot = "";
			targets = (
				55B4343D1D25C96700C1BCB7 /* IndieFlixTests */,
				55B434531D25C96700C1BCB7 /* IndieFlixTestsTests */,
				55B4345E1D25C96700C1BCB7 /* IndieFlixTestsUITests */,
			);
		};
/* End PBXProject section */

/* Begin PBXResourcesBuildPhase section */
		55B4343C1D25C96700C1BCB7 /* Resources */ = {
			isa = PBXResourcesBuildPhase;
			buildActionMask = 2147483647;
			files = (
				55B4344E1D25C96700C1BCB7 /* Assets.xcassets in Resources */,
				55B4344C1D25C96700C1BCB7 /* Main.storyboard in Resources */,
			);
			runOnlyForDeploymentPostprocessing = 0;
		};
		55B434521D25C96700C1BCB7 /* Resources */ = {
			isa = PBXResourcesBuildPhase;
			buildActionMask = 2147483647;
			files = (
			);
			runOnlyForDeploymentPostprocessing = 0;
		};
		55B4345D1D25C96700C1BCB7 /* Resources */ = {
			isa = PBXResourcesBuildPhase;
			buildActionMask = 2147483647;
			files = (
			);
			runOnlyForDeploymentPostprocessing = 0;
		};
/* End PBXResourcesBuildPhase section */

/* Begin PBXSourcesBuildPhase section */
		55B4343A1D25C96700C1BCB7 /* Sources */ = {
			isa = PBXSourcesBuildPhase;
			buildActionMask = 2147483647;
			files = (
				55B434491D25C96700C1BCB7 /* ViewController.m in Sources */,
				55B434461D25C96700C1BCB7 /* AppDelegate.m in Sources */,
				55B434431D25C96700C1BCB7 /* main.m in Sources */,
			);
			runOnlyForDeploymentPostprocessing = 0;
		};
		55B434501D25C96700C1BCB7 /* Sources */ = {
			isa = PBXSourcesBuildPhase;
			buildActionMask = 2147483647;
			files = (
				55B434591D25C96700C1BCB7 /* IndieFlixTestsTests.m in Sources */,
			);
			runOnlyForDeploymentPostprocessing = 0;
		};
		55B4345B1D25C96700C1BCB7 /* Sources */ = {
			isa = PBXSourcesBuildPhase;
			buildActionMask = 2147483647;
			files = (
				55B434641D25C96700C1BCB7 /* IndieFlixTestsUITests.m in Sources */,
			);
			runOnlyForDeploymentPostprocessing = 0;
		};
/* End PBXSourcesBuildPhase section */

/* Begin PBXTargetDependency section */
		55B434561D25C96700C1BCB7 /* PBXTargetDependency */ = {
			isa = PBXTargetDependency;
			target = 55B4343D1D25C96700C1BCB7 /* IndieFlixTests */;
			targetProxy = 55B434551D25C96700C1BCB7 /* PBXContainerItemProxy */;
		};
		55B434611D25C96700C1BCB7 /* PBXTargetDependency */ = {
			isa = PBXTargetDependency;
			target = 55B4343D1D25C96700C1BCB7 /* IndieFlixTests */;
			targetProxy = 55B434601D25C96700C1BCB7 /* PBXContainerItemProxy */;
		};
/* End PBXTargetDependency section */

/* Begin PBXVariantGroup section */
		55B4344A1D25C96700C1BCB7 /* Main.storyboard */ = {
			isa = PBXVariantGroup;
			children = (
				55B4344B1D25C96700C1BCB7 /* Base */,
			);
			name = Main.storyboard;
			sourceTree = "<group>";
		};
/* End PBXVariantGroup section */

/* Begin XCBuildConfiguration section */
		55B434661D25C96700C1BCB7 /* Debug */ = {
			isa = XCBuildConfiguration;
			buildSettings = {
				ALWAYS_SEARCH_USER_PATHS = NO;
				CLANG_CXX_LANGUAGE_STANDARD = "gnu++0x";
				CLANG_CXX_LIBRARY = "libc++";
				CLANG_ENABLE_MODULES = YES;
				CLANG_ENABLE_OBJC_ARC = YES;
				CLANG_WARN_BOOL_CONVERSION = YES;
				CLANG_WARN_CONSTANT_CONVERSION = YES;
				CLANG_WARN_DIRECT_OBJC_ISA_USAGE = YES_ERROR;
				CLANG_WARN_EMPTY_BODY = YES;
				CLANG_WARN_ENUM_CONVERSION = YES;
				CLANG_WARN_INT_CONVERSION = YES;
				CLANG_WARN_OBJC_ROOT_CLASS = YES_ERROR;
				CLANG_WARN_UNREACHABLE_CODE = YES;
				CLANG_WARN__DUPLICATE_METHOD_MATCH = YES;
				COPY_PHASE_STRIP = NO;
				DEBUG_INFORMATION_FORMAT = dwarf;
				ENABLE_STRICT_OBJC_MSGSEND = YES;
				ENABLE_TESTABILITY = YES;
				GCC_C_LANGUAGE_STANDARD = gnu99;
				GCC_DYNAMIC_NO_PIC = NO;
				GCC_NO_COMMON_BLOCKS = YES;
				GCC_OPTIMIZATION_LEVEL = 0;
				GCC_PREPROCESSOR_DEFINITIONS = (
					"DEBUG=1",
					"$(inherited)",
				);
				GCC_WARN_64_TO_32_BIT_CONVERSION = YES;
				GCC_WARN_ABOUT_RETURN_TYPE = YES_ERROR;
				GCC_WARN_UNDECLARED_SELECTOR = YES;
				GCC_WARN_UNINITIALIZED_AUTOS = YES_AGGRESSIVE;
				GCC_WARN_UNUSED_FUNCTION = YES;
				GCC_WARN_UNUSED_VARIABLE = YES;
				MTL_ENABLE_DEBUG_INFO = YES;
				ONLY_ACTIVE_ARCH = YES;
				SDKROOT = appletvos;
				TARGETED_DEVICE_FAMILY = 3;
				TVOS_DEPLOYMENT_TARGET = 9.1;
			};
			name = Debug;
		};
		55B434671D25C96700C1BCB7 /* Release */ = {
			isa = XCBuildConfiguration;
			buildSettings = {
				ALWAYS_SEARCH_USER_PATHS = NO;
				CLANG_CXX_LANGUAGE_STANDARD = "gnu++0x";
				CLANG_CXX_LIBRARY = "libc++";
				CLANG_ENABLE_MODULES = YES;
				CLANG_ENABLE_OBJC_ARC = YES;
				CLANG_WARN_BOOL_CONVERSION = YES;
				CLANG_WARN_CONSTANT_CONVERSION = YES;
				CLANG_WARN_DIRECT_OBJC_ISA_USAGE = YES_ERROR;
				CLANG_WARN_EMPTY_BODY = YES;
				CLANG_WARN_ENUM_CONVERSION = YES;
				CLANG_WARN_INT_CONVERSION = YES;
				CLANG_WARN_OBJC_ROOT_CLASS = YES_ERROR;
				CLANG_WARN_UNREACHABLE_CODE = YES;
				CLANG_WARN__DUPLICATE_METHOD_MATCH = YES;
				COPY_PHASE_STRIP = NO;
				DEBUG_INFORMATION_FORMAT = "dwarf-with-dsym";
				ENABLE_NS_ASSERTIONS = NO;
				ENABLE_STRICT_OBJC_MSGSEND = YES;
				GCC_C_LANGUAGE_STANDARD = gnu99;
				GCC_NO_COMMON_BLOCKS = YES;
				GCC_WARN_64_TO_32_BIT_CONVERSION = YES;
				GCC_WARN_ABOUT_RETURN_TYPE = YES_ERROR;
				GCC_WARN_UNDECLARED_SELECTOR = YES;
				GCC_WARN_UNINITIALIZED_AUTOS = YES_AGGRESSIVE;
				GCC_WARN_UNUSED_FUNCTION = YES;
				GCC_WARN_UNUSED_VARIABLE = YES;
				MTL_ENABLE_DEBUG_INFO = NO;
				SDKROOT = appletvos;
				TARGETED_DEVICE_FAMILY = 3;
				TVOS_DEPLOYMENT_TARGET = 9.1;
				VALIDATE_PRODUCT = YES;
			};
			name = Release;
		};
		55B434691D25C96700C1BCB7 /* Debug */ = {
			isa = XCBuildConfiguration;
			buildSettings = {
				ASSETCATALOG_COMPILER_APPICON_NAME = "App Icon & Top Shelf Image";
				ASSETCATALOG_COMPILER_LAUNCHIMAGE_NAME = LaunchImage;
				INFOPLIST_FILE = IndieFlixTests/Info.plist;
				LD_RUNPATH_SEARCH_PATHS = "$(inherited) @executable_path/Frameworks";
				PRODUCT_BUNDLE_IDENTIFIER = IndieFlix.IndieFlixTests;
				PRODUCT_NAME = "$(TARGET_NAME)";
			};
			name = Debug;
		};
		55B4346A1D25C96700C1BCB7 /* Release */ = {
			isa = XCBuildConfiguration;
			buildSettings = {
				ASSETCATALOG_COMPILER_APPICON_NAME = "App Icon & Top Shelf Image";
				ASSETCATALOG_COMPILER_LAUNCHIMAGE_NAME = LaunchImage;
				INFOPLIST_FILE = IndieFlixTests/Info.plist;
				LD_RUNPATH_SEARCH_PATHS = "$(inherited) @executable_path/Frameworks";
				PRODUCT_BUNDLE_IDENTIFIER = IndieFlix.IndieFlixTests;
				PRODUCT_NAME = "$(TARGET_NAME)";
			};
			name = Release;
		};
		55B4346C1D25C96700C1BCB7 /* Debug */ = {
			isa = XCBuildConfiguration;
			buildSettings = {
				BUNDLE_LOADER = "$(TEST_HOST)";
				INFOPLIST_FILE = IndieFlixTestsTests/Info.plist;
				LD_RUNPATH_SEARCH_PATHS = "$(inherited) @executable_path/Frameworks @loader_path/Frameworks";
				PRODUCT_BUNDLE_IDENTIFIER = IndieFlix.IndieFlixTestsTests;
				PRODUCT_NAME = "$(TARGET_NAME)";
				TEST_HOST = "$(BUILT_PRODUCTS_DIR)/IndieFlixTests.app/IndieFlixTests";
			};
			name = Debug;
		};
		55B4346D1D25C96700C1BCB7 /* Release */ = {
			isa = XCBuildConfiguration;
			buildSettings = {
				BUNDLE_LOADER = "$(TEST_HOST)";
				INFOPLIST_FILE = IndieFlixTestsTests/Info.plist;
				LD_RUNPATH_SEARCH_PATHS = "$(inherited) @executable_path/Frameworks @loader_path/Frameworks";
				PRODUCT_BUNDLE_IDENTIFIER = IndieFlix.IndieFlixTestsTests;
				PRODUCT_NAME = "$(TARGET_NAME)";
				TEST_HOST = "$(BUILT_PRODUCTS_DIR)/IndieFlixTests.app/IndieFlixTests";
			};
			name = Release;
		};
		55B4346F1D25C96700C1BCB7 /* Debug */ = {
			isa = XCBuildConfiguration;
			buildSettings = {
				INFOPLIST_FILE = IndieFlixTestsUITests/Info.plist;
				LD_RUNPATH_SEARCH_PATHS = "$(inherited) @executable_path/Frameworks @loader_path/Frameworks";
				PRODUCT_BUNDLE_IDENTIFIER = IndieFlix.IndieFlixTestsUITests;
				PRODUCT_NAME = "$(TARGET_NAME)";
				TEST_TARGET_NAME = IndieFlixTests;
				USES_XCTRUNNER = YES;
			};
			name = Debug;
		};
		55B434701D25C96700C1BCB7 /* Release */ = {
			isa = XCBuildConfiguration;
			buildSettings = {
				INFOPLIST_FILE = IndieFlixTestsUITests/Info.plist;
				LD_RUNPATH_SEARCH_PATHS = "$(inherited) @executable_path/Frameworks @loader_path/Frameworks";
				PRODUCT_BUNDLE_IDENTIFIER = IndieFlix.IndieFlixTestsUITests;
				PRODUCT_NAME = "$(TARGET_NAME)";
				TEST_TARGET_NAME = IndieFlixTests;
				USES_XCTRUNNER = YES;
			};
			name = Release;
		};
/* End XCBuildConfiguration section */

/* Begin XCConfigurationList section */
		55B434391D25C96700C1BCB7 /* Build configuration list for PBXProject "IndieFlixTests" */ = {
			isa = XCConfigurationList;
			buildConfigurations = (
				55B434661D25C96700C1BCB7 /* Debug */,
				55B434671D25C96700C1BCB7 /* Release */,
			);
			defaultConfigurationIsVisible = 0;
			defaultConfigurationName = Release;
		};
		55B434681D25C96700C1BCB7 /* Build configuration list for PBXNativeTarget "IndieFlixTests" */ = {
			isa = XCConfigurationList;
			buildConfigurations = (
				55B434691D25C96700C1BCB7 /* Debug */,
				55B4346A1D25C96700C1BCB7 /* Release */,
			);
			defaultConfigurationIsVisible = 0;
		};
		55B4346B1D25C96700C1BCB7 /* Build configuration list for PBXNativeTarget "IndieFlixTestsTests" */ = {
			isa = XCConfigurationList;
			buildConfigurations = (
				55B4346C1D25C96700C1BCB7 /* Debug */,
				55B4346D1D25C96700C1BCB7 /* Release */,
			);
			defaultConfigurationIsVisible = 0;
		};
		55B4346E1D25C96700C1BCB7 /* Build configuration list for PBXNativeTarget "IndieFlixTestsUITests" */ = {
			isa = XCConfigurationList;
			buildConfigurations = (
				55B4346F1D25C96700C1BCB7 /* Debug */,
				55B434701D25C96700C1BCB7 /* Release */,
			);
			defaultConfigurationIsVisible = 0;
		};
/* End XCConfigurationList section */
	};
	rootObject = 55B434361D25C96700C1BCB7 /* Project object */;
}
